
Microsoft Visual Studio Solution File, Format Version 12.00
# Visual Studio Version 17
VisualStudioVersion = 17.7.34202.233
MinimumVisualStudioVersion = 10.0.40219.1
Project("{FAE04EC0-301F-11D3-BF4B-00C04F79EFBC}") = "OnlineJobPortal", "OnlineJobPortal\OnlineJobPortal.csproj", "{B4939E4F-FAAE-475F-A7A1-C016130003FE}"
EndProject
Global
	GlobalSection(SolutionConfigurationPlatforms) = preSolution
		Debug|Any CPU = Debug|Any CPU
		Release|Any CPU = Release|Any CPU
	EndGlobalSection
	GlobalSection(ProjectConfigurationPlatforms) = postSolution
		{B4939E4F-FAAE-475F-A7A1-C016130003FE}.Debug|Any CPU.ActiveCfg = Debug|Any CPU
		{B4939E4F-FAAE-475F-A7A1-C016130003FE}.Debug|Any CPU.Build.0 = Debug|Any CPU
		{B4939E4F-FAAE-475F-A7A1-C016130003FE}.Release|Any CPU.ActiveCfg = Release|Any CPU
		{B4939E4F-FAAE-475F-A7A1-C016130003FE}.Release|Any CPU.Build.0 = Release|Any CPU
	EndGlobalSection
	GlobalSection(SolutionProperties) = preSolution
		HideSolutionNode = FALSE
	EndGlobalSection
	GlobalSection(ExtensibilityGlobals) = postSolution
		SolutionGuid = {68D6D215-FB5C-4352-B97B-128431C2EC81}
	EndGlobalSection
EndGlobal
